
Microsoft Visual Studio Solution File, Format Version 12.00
# Visual Studio 15
VisualStudioVersion = 15.0.27703.2018
MinimumVisualStudioVersion = 10.0.40219.1
Project("{9A19103F-16F7-4668-BE54-9A1E7A4F7556}") = "bitScry", "bitScry\bitScry.csproj", "{B6EBFB39-4B46-4E02-8ECF-311705BB6AAF}"
EndProject
Project("{FAE04EC0-301F-11D3-BF4B-00C04F79EFBC}") = "bitScry.Function", "bitScry.Function\bitScry.Function.csproj", "{59FE461B-7BA3-47F8-B5A2-C30316C89162}"
EndProject
Global
	GlobalSection(SolutionConfigurationPlatforms) = preSolution
		Debug|Any CPU = Debug|Any CPU
		Release|Any CPU = Release|Any CPU
	EndGlobalSection
	GlobalSection(ProjectConfigurationPlatforms) = postSolution
		{B6EBFB39-4B46-4E02-8ECF-311705BB6AAF}.Debug|Any CPU.ActiveCfg = Debug|Any CPU
		{B6EBFB39-4B46-4E02-8ECF-311705BB6AAF}.Debug|Any CPU.Build.0 = Debug|Any CPU
		{B6EBFB39-4B46-4E02-8ECF-311705BB6AAF}.Release|Any CPU.ActiveCfg = Release|Any CPU
		{B6EBFB39-4B46-4E02-8ECF-311705BB6AAF}.Release|Any CPU.Build.0 = Release|Any CPU
		{59FE461B-7BA3-47F8-B5A2-C30316C89162}.Debug|Any CPU.ActiveCfg = Debug|Any CPU
		{59FE461B-7BA3-47F8-B5A2-C30316C89162}.Debug|Any CPU.Build.0 = Debug|Any CPU
		{59FE461B-7BA3-47F8-B5A2-C30316C89162}.Release|Any CPU.ActiveCfg = Release|Any CPU
		{59FE461B-7BA3-47F8-B5A2-C30316C89162}.Release|Any CPU.Build.0 = Release|Any CPU
	EndGlobalSection
	GlobalSection(SolutionProperties) = preSolution
		HideSolutionNode = FALSE
	EndGlobalSection
	GlobalSection(ExtensibilityGlobals) = postSolution
		SolutionGuid = {1601AEAC-9BAD-4E7A-8460-0867DC972280}
	EndGlobalSection
EndGlobal
